<?xml version="1.0" encoding="utf-8"?>
<Project ToolsVersion="4.0" xmlns="http://schemas.microsoft.com/developer/msbuild/2003">
  <ItemGroup>
    <Filter Include="源文件">
      <UniqueIdentifier>{4FC737F1-C7A5-4376-A066-2A32D752A2FF}</UniqueIdentifier>
      <Extensions>cpp;c;cc;cxx;c++;def;odl;idl;hpj;bat;asm;asmx</Extensions>
    </Filter>
    <Filter Include="头文件">
      <UniqueIdentifier>{93995380-89BD-4b04-88EB-625FBE52EBFB}</UniqueIdentifier>
      <Extensions>h;hh;hpp;hxx;h++;hm;inl;inc;ipp;xsd</Extensions>
    </Filter>
    <Filter Include="资源文件">
      <UniqueIdentifier>{67DA6AB6-F800-4c08-8B7A-83BB121AAD01}</UniqueIdentifier>
      <Extensions>rc;ico;cur;bmp;dlg;rc2;rct;bin;rgs;gif;jpg;jpeg;jpe;resx;tiff;tif;png;wav;mfcribbon-ms</Extensions>
    </Filter>
  </ItemGroup>
  <ItemGroup>
    <ClCompile Include="engineTest\GameManager.cpp">
      <Filter>源文件</Filter>
    </ClCompile>
    <ClCompile Include="models\RawModel.cpp">
      <Filter>源文件</Filter>
    </ClCompile>
    <ClCompile Include="renders\DisplayManager.cpp">
      <Filter>源文件</Filter>
    </ClCompile>
    <ClCompile Include="renders\Loader.cpp">
      <Filter>源文件</Filter>
    </ClCompile>
    <ClCompile Include="renders\Renderer.cpp">
      <Filter>源文件</Filter>
    </ClCompile>
    <ClCompile Include="shaders\BasicShader.cpp">
      <Filter>源文件</Filter>
    </ClCompile>
    <ClCompile Include="shaders\ShaderProgram.cpp">
      <Filter>源文件</Filter>
    </ClCompile>
    <ClCompile Include="main.cpp">
      <Filter>源文件</Filter>
    </ClCompile>
  </ItemGroup>
  <ItemGroup>
    <ClInclude Include="engineTest\GameManager.h">
      <Filter>头文件</Filter>
    </ClInclude>
    <ClInclude Include="entities\Entity.h">
      <Filter>头文件</Filter>
    </ClInclude>
    <ClInclude Include="models\RawModel.h">
      <Filter>头文件</Filter>
    </ClInclude>
    <ClInclude Include="models\TexturedModel.h">
      <Filter>头文件</Filter>
    </ClInclude>
    <ClInclude Include="renders\DisplayManager.h">
      <Filter>头文件</Filter>
    </ClInclude>
    <ClInclude Include="renders\Loader.h">
      <Filter>头文件</Filter>
    </ClInclude>
    <ClInclude Include="renders\Renderer.h">
      <Filter>头文件</Filter>
    </ClInclude>
    <ClInclude Include="shaders\BasicShader.h">
      <Filter>头文件</Filter>
    </ClInclude>
    <ClInclude Include="shaders\ShaderProgram.h">
      <Filter>头文件</Filter>
    </ClInclude>
    <ClInclude Include="textures\Texture.h">
      <Filter>头文件</Filter>
    </ClInclude>
    <ClInclude Include="tool\Error.h">
      <Filter>头文件</Filter>
    </ClInclude>
    <ClInclude Include="tool\Maths.h">
      <Filter>头文件</Filter>
    </ClInclude>
  </ItemGroup>
</Project>